// !$*UTF8*$!
{
	archiveVersion = 1;
	classes = {
	};
	objectVersion = 55;
	objects = {

/* Begin PBXBuildFile section */
		477A7D3E266F510200BEDA4F /* AppDelegate.swift in Sources */ = {isa = PBXBuildFile; fileRef = 477A7D3D266F510200BEDA4F /* AppDelegate.swift */; };
		477A7D40266F510200BEDA4F /* SceneDelegate.swift in Sources */ = {isa = PBXBuildFile; fileRef = 477A7D3F266F510200BEDA4F /* SceneDelegate.swift */; };
		477A7D43266F510200BEDA4F /* LaunchScreen.storyboard in Resources */ = {isa = PBXBuildFile; fileRef = 477A7D41266F510200BEDA4F /* LaunchScreen.storyboard */; };
		477A7D46266F510200BEDA4F /* Main.storyboard in Resources */ = {isa = PBXBuildFile; fileRef = 477A7D44266F510200BEDA4F /* Main.storyboard */; };
		477A7D4F266F510200BEDA4F /* AppDelegate.swift in Sources */ = {isa = PBXBuildFile; fileRef = 477A7D4E266F510200BEDA4F /* AppDelegate.swift */; };
		477A7D52266F510200BEDA4F /* Main.storyboard in Resources */ = {isa = PBXBuildFile; fileRef = 477A7D50266F510200BEDA4F /* Main.storyboard */; };
		477A7D5A266F510200BEDA4F /* View Image Extension.appex in Embed App Extensions */ = {isa = PBXBuildFile; fileRef = 477A7D59266F510200BEDA4F /* View Image Extension.appex */; settings = {ATTRIBUTES = (RemoveHeadersOnCopy, ); }; };
		477A7D64266F510200BEDA4F /* View Image Extension.appex in Embed App Extensions */ = {isa = PBXBuildFile; fileRef = 477A7D63266F510200BEDA4F /* View Image Extension.appex */; settings = {ATTRIBUTES = (RemoveHeadersOnCopy, ); }; };
		477A7D69266F510200BEDA4F /* Main.html in Resources */ = {isa = PBXBuildFile; fileRef = 477A7D2D266F510100BEDA4F /* Main.html */; };
		477A7D6A266F510200BEDA4F /* Main.html in Resources */ = {isa = PBXBuildFile; fileRef = 477A7D2D266F510100BEDA4F /* Main.html */; };
		477A7D6B266F510200BEDA4F /* Icon.png in Resources */ = {isa = PBXBuildFile; fileRef = 477A7D2F266F510100BEDA4F /* Icon.png */; };
		477A7D6C266F510200BEDA4F /* Icon.png in Resources */ = {isa = PBXBuildFile; fileRef = 477A7D2F266F510100BEDA4F /* Icon.png */; };
		477A7D6D266F510200BEDA4F /* Style.css in Resources */ = {isa = PBXBuildFile; fileRef = 477A7D30266F510100BEDA4F /* Style.css */; };
		477A7D6E266F510200BEDA4F /* Style.css in Resources */ = {isa = PBXBuildFile; fileRef = 477A7D30266F510100BEDA4F /* Style.css */; };
		477A7D6F266F510200BEDA4F /* Script.js in Resources */ = {isa = PBXBuildFile; fileRef = 477A7D31266F510100BEDA4F /* Script.js */; };
		477A7D70266F510200BEDA4F /* Script.js in Resources */ = {isa = PBXBuildFile; fileRef = 477A7D31266F510100BEDA4F /* Script.js */; };
		477A7D71266F510200BEDA4F /* ViewController.swift in Sources */ = {isa = PBXBuildFile; fileRef = 477A7D32266F510100BEDA4F /* ViewController.swift */; };
		477A7D72266F510200BEDA4F /* ViewController.swift in Sources */ = {isa = PBXBuildFile; fileRef = 477A7D32266F510100BEDA4F /* ViewController.swift */; };
		477A7D73266F510200BEDA4F /* Assets.xcassets in Resources */ = {isa = PBXBuildFile; fileRef = 477A7D33266F510200BEDA4F /* Assets.xcassets */; };
		477A7D74266F510200BEDA4F /* Assets.xcassets in Resources */ = {isa = PBXBuildFile; fileRef = 477A7D33266F510200BEDA4F /* Assets.xcassets */; };
		477A7D75266F510200BEDA4F /* SafariWebExtensionHandler.swift in Sources */ = {isa = PBXBuildFile; fileRef = 477A7D35266F510200BEDA4F /* SafariWebExtensionHandler.swift */; };
		477A7D76266F510200BEDA4F /* SafariWebExtensionHandler.swift in Sources */ = {isa = PBXBuildFile; fileRef = 477A7D35266F510200BEDA4F /* SafariWebExtensionHandler.swift */; };
		477A7D92266F510200BEDA4F /* LICENSE in Resources */ = {isa = PBXBuildFile; fileRef = 477A7D88266F510200BEDA4F /* LICENSE */; };
		477A7D93266F510200BEDA4F /* css in Resources */ = {isa = PBXBuildFile; fileRef = 477A7D89266F510200BEDA4F /* css */; };
		477A7D94266F510200BEDA4F /* js in Resources */ = {isa = PBXBuildFile; fileRef = 477A7D8A266F510200BEDA4F /* js */; };
		477A7D95266F510200BEDA4F /* html in Resources */ = {isa = PBXBuildFile; fileRef = 477A7D8B266F510200BEDA4F /* html */; };
		477A7D96266F510200BEDA4F /* README.MD in Resources */ = {isa = PBXBuildFile; fileRef = 477A7D8C266F510200BEDA4F /* README.MD */; };
		477A7D97266F510200BEDA4F /* img in Resources */ = {isa = PBXBuildFile; fileRef = 477A7D8D266F510200BEDA4F /* img */; };
		477A7D98266F510200BEDA4F /* manifest.json in Resources */ = {isa = PBXBuildFile; fileRef = 477A7D8E266F510200BEDA4F /* manifest.json */; };
		477A7D99266F510200BEDA4F /* debug.log in Resources */ = {isa = PBXBuildFile; fileRef = 477A7D8F266F510200BEDA4F /* debug.log */; };
		477A7D9A266F510200BEDA4F /* _locales in Resources */ = {isa = PBXBuildFile; fileRef = 477A7D90266F510200BEDA4F /* _locales */; };
		477A7D9B266F510200BEDA4F /* icon in Resources */ = {isa = PBXBuildFile; fileRef = 477A7D91266F510200BEDA4F /* icon */; };
		477A7D9C266F510200BEDA4F /* LICENSE in Resources */ = {isa = PBXBuildFile; fileRef = 477A7D88266F510200BEDA4F /* LICENSE */; };
		477A7D9D266F510200BEDA4F /* css in Resources */ = {isa = PBXBuildFile; fileRef = 477A7D89266F510200BEDA4F /* css */; };
		477A7D9E266F510200BEDA4F /* js in Resources */ = {isa = PBXBuildFile; fileRef = 477A7D8A266F510200BEDA4F /* js */; };
		477A7D9F266F510200BEDA4F /* html in Resources */ = {isa = PBXBuildFile; fileRef = 477A7D8B266F510200BEDA4F /* html */; };
		477A7DA0266F510200BEDA4F /* README.MD in Resources */ = {isa = PBXBuildFile; fileRef = 477A7D8C266F510200BEDA4F /* README.MD */; };
		477A7DA1266F510200BEDA4F /* img in Resources */ = {isa = PBXBuildFile; fileRef = 477A7D8D266F510200BEDA4F /* img */; };
		477A7DA2266F510300BEDA4F /* manifest.json in Resources */ = {isa = PBXBuildFile; fileRef = 477A7D8E266F510200BEDA4F /* manifest.json */; };
		477A7DA3266F510300BEDA4F /* debug.log in Resources */ = {isa = PBXBuildFile; fileRef = 477A7D8F266F510200BEDA4F /* debug.log */; };
		477A7DA4266F510300BEDA4F /* _locales in Resources */ = {isa = PBXBuildFile; fileRef = 477A7D90266F510200BEDA4F /* _locales */; };
		477A7DA5266F510300BEDA4F /* icon in Resources */ = {isa = PBXBuildFile; fileRef = 477A7D91266F510200BEDA4F /* icon */; };
/* End PBXBuildFile section */

/* Begin PBXContainerItemProxy section */
		477A7D5B266F510200BEDA4F /* PBXContainerItemProxy */ = {
			isa = PBXContainerItemProxy;
			containerPortal = 477A7D27266F510100BEDA4F /* Project object */;
			proxyType = 1;
			remoteGlobalIDString = 477A7D58266F510200BEDA4F;
			remoteInfo = "View Image Extension (iOS)";
		};
		477A7D65266F510200BEDA4F /* PBXContainerItemProxy */ = {
			isa = PBXContainerItemProxy;
			containerPortal = 477A7D27266F510100BEDA4F /* Project object */;
			proxyType = 1;
			remoteGlobalIDString = 477A7D62266F510200BEDA4F;
			remoteInfo = "View Image Extension (macOS)";
		};
/* End PBXContainerItemProxy section */

/* Begin PBXCopyFilesBuildPhase section */
		477A7D7C266F510200BEDA4F /* Embed App Extensions */ = {
			isa = PBXCopyFilesBuildPhase;
			buildActionMask = 2147483647;
			dstPath = "";
			dstSubfolderSpec = 13;
			files = (
				477A7D5A266F510200BEDA4F /* View Image Extension.appex in Embed App Extensions */,
			);
			name = "Embed App Extensions";
			runOnlyForDeploymentPostprocessing = 0;
		};
		477A7D83266F510200BEDA4F /* Embed App Extensions */ = {
			isa = PBXCopyFilesBuildPhase;
			buildActionMask = 2147483647;
			dstPath = "";
			dstSubfolderSpec = 13;
			files = (
				477A7D64266F510200BEDA4F /* View Image Extension.appex in Embed App Extensions */,
			);
			name = "Embed App Extensions";
			runOnlyForDeploymentPostprocessing = 0;
		};
/* End PBXCopyFilesBuildPhase section */

/* Begin PBXFileReference section */
		477A7D2E266F510100BEDA4F /* Base */ = {isa = PBXFileReference; lastKnownFileType = text.html; name = Base; path = ../Base.lproj/Main.html; sourceTree = "<group>"; };
		477A7D2F266F510100BEDA4F /* Icon.png */ = {isa = PBXFileReference; lastKnownFileType = image.png; path = Icon.png; sourceTree = "<group>"; };
		477A7D30266F510100BEDA4F /* Style.css */ = {isa = PBXFileReference; lastKnownFileType = text.css; path = Style.css; sourceTree = "<group>"; };
		477A7D31266F510100BEDA4F /* Script.js */ = {isa = PBXFileReference; lastKnownFileType = sourcecode.javascript; path = Script.js; sourceTree = "<group>"; };
		477A7D32266F510100BEDA4F /* ViewController.swift */ = {isa = PBXFileReference; lastKnownFileType = sourcecode.swift; path = ViewController.swift; sourceTree = "<group>"; };
		477A7D33266F510200BEDA4F /* Assets.xcassets */ = {isa = PBXFileReference; lastKnownFileType = folder.assetcatalog; path = Assets.xcassets; sourceTree = "<group>"; };
		477A7D35266F510200BEDA4F /* SafariWebExtensionHandler.swift */ = {isa = PBXFileReference; lastKnownFileType = sourcecode.swift; path = SafariWebExtensionHandler.swift; sourceTree = "<group>"; };
		477A7D3A266F510200BEDA4F /* View Image.app */ = {isa = PBXFileReference; explicitFileType = wrapper.application; includeInIndex = 0; path = "View Image.app"; sourceTree = BUILT_PRODUCTS_DIR; };
		477A7D3D266F510200BEDA4F /* AppDelegate.swift */ = {isa = PBXFileReference; lastKnownFileType = sourcecode.swift; path = AppDelegate.swift; sourceTree = "<group>"; };
		477A7D3F266F510200BEDA4F /* SceneDelegate.swift */ = {isa = PBXFileReference; lastKnownFileType = sourcecode.swift; path = SceneDelegate.swift; sourceTree = "<group>"; };
		477A7D42266F510200BEDA4F /* Base */ = {isa = PBXFileReference; lastKnownFileType = file.storyboard; name = Base; path = Base.lproj/LaunchScreen.storyboard; sourceTree = "<group>"; };
		477A7D45266F510200BEDA4F /* Base */ = {isa = PBXFileReference; lastKnownFileType = file.storyboard; name = Base; path = Base.lproj/Main.storyboard; sourceTree = "<group>"; };
		477A7D47266F510200BEDA4F /* Info.plist */ = {isa = PBXFileReference; lastKnownFileType = text.plist.xml; path = Info.plist; sourceTree = "<group>"; };
		477A7D4C266F510200BEDA4F /* View Image.app */ = {isa = PBXFileReference; explicitFileType = wrapper.application; includeInIndex = 0; path = "View Image.app"; sourceTree = BUILT_PRODUCTS_DIR; };
		477A7D4E266F510200BEDA4F /* AppDelegate.swift */ = {isa = PBXFileReference; lastKnownFileType = sourcecode.swift; path = AppDelegate.swift; sourceTree = "<group>"; };
		477A7D51266F510200BEDA4F /* Base */ = {isa = PBXFileReference; lastKnownFileType = file.storyboard; name = Base; path = Base.lproj/Main.storyboard; sourceTree = "<group>"; };
		477A7D53266F510200BEDA4F /* Info.plist */ = {isa = PBXFileReference; lastKnownFileType = text.plist.xml; path = Info.plist; sourceTree = "<group>"; };
		477A7D54266F510200BEDA4F /* View Image.entitlements */ = {isa = PBXFileReference; lastKnownFileType = text.plist.entitlements; path = "View Image.entitlements"; sourceTree = "<group>"; };
		477A7D59266F510200BEDA4F /* View Image Extension.appex */ = {isa = PBXFileReference; explicitFileType = "wrapper.app-extension"; includeInIndex = 0; path = "View Image Extension.appex"; sourceTree = BUILT_PRODUCTS_DIR; };
		477A7D5E266F510200BEDA4F /* Info.plist */ = {isa = PBXFileReference; lastKnownFileType = text.plist.xml; path = Info.plist; sourceTree = "<group>"; };
		477A7D63266F510200BEDA4F /* View Image Extension.appex */ = {isa = PBXFileReference; explicitFileType = "wrapper.app-extension"; includeInIndex = 0; path = "View Image Extension.appex"; sourceTree = BUILT_PRODUCTS_DIR; };
		477A7D68266F510200BEDA4F /* Info.plist */ = {isa = PBXFileReference; lastKnownFileType = text.plist.xml; path = Info.plist; sourceTree = "<group>"; };
		477A7D88266F510200BEDA4F /* LICENSE */ = {isa = PBXFileReference; lastKnownFileType = text; name = LICENSE; path = Resources/LICENSE; sourceTree = "<group>"; };
		477A7D89266F510200BEDA4F /* css */ = {isa = PBXFileReference; lastKnownFileType = folder; name = css; path = Resources/css; sourceTree = "<group>"; };
		477A7D8A266F510200BEDA4F /* js */ = {isa = PBXFileReference; lastKnownFileType = folder; name = js; path = Resources/js; sourceTree = "<group>"; };
		477A7D8B266F510200BEDA4F /* html */ = {isa = PBXFileReference; lastKnownFileType = folder; name = html; path = Resources/html; sourceTree = "<group>"; };
		477A7D8C266F510200BEDA4F /* README.MD */ = {isa = PBXFileReference; lastKnownFileType = net.daringfireball.markdown; name = README.MD; path = Resources/README.MD; sourceTree = "<group>"; };
		477A7D8D266F510200BEDA4F /* img */ = {isa = PBXFileReference; lastKnownFileType = folder; name = img; path = Resources/img; sourceTree = "<group>"; };
		477A7D8E266F510200BEDA4F /* manifest.json */ = {isa = PBXFileReference; lastKnownFileType = text.json; name = manifest.json; path = Resources/manifest.json; sourceTree = "<group>"; };
		477A7D8F266F510200BEDA4F /* debug.log */ = {isa = PBXFileReference; lastKnownFileType = text; name = debug.log; path = Resources/debug.log; sourceTree = "<group>"; };
		477A7D90266F510200BEDA4F /* _locales */ = {isa = PBXFileReference; lastKnownFileType = folder; name = _locales; path = Resources/_locales; sourceTree = "<group>"; };
		477A7D91266F510200BEDA4F /* icon */ = {isa = PBXFileReference; lastKnownFileType = folder; name = icon; path = Resources/icon; sourceTree = "<group>"; };
/* End PBXFileReference section */

/* Begin PBXFrameworksBuildPhase section */
		477A7D37266F510200BEDA4F /* Frameworks */ = {
			isa = PBXFrameworksBuildPhase;
			buildActionMask = 2147483647;
			files = (
			);
			runOnlyForDeploymentPostprocessing = 0;
		};
		477A7D49266F510200BEDA4F /* Frameworks */ = {
			isa = PBXFrameworksBuildPhase;
			buildActionMask = 2147483647;
			files = (
			);
			runOnlyForDeploymentPostprocessing = 0;
		};
		477A7D56266F510200BEDA4F /* Frameworks */ = {
			isa = PBXFrameworksBuildPhase;
			buildActionMask = 2147483647;
			files = (
			);
			runOnlyForDeploymentPostprocessing = 0;
		};
		477A7D60266F510200BEDA4F /* Frameworks */ = {
			isa = PBXFrameworksBuildPhase;
			buildActionMask = 2147483647;
			files = (
			);
			runOnlyForDeploymentPostprocessing = 0;
		};
/* End PBXFrameworksBuildPhase section */

/* Begin PBXGroup section */
		477A7D26266F510100BEDA4F = {
			isa = PBXGroup;
			children = (
				477A7D2B266F510100BEDA4F /* Shared (App) */,
				477A7D34266F510200BEDA4F /* Shared (Extension) */,
				477A7D3C266F510200BEDA4F /* iOS (App) */,
				477A7D4D266F510200BEDA4F /* macOS (App) */,
				477A7D5D266F510200BEDA4F /* iOS (Extension) */,
				477A7D67266F510200BEDA4F /* macOS (Extension) */,
				477A7D3B266F510200BEDA4F /* Products */,
			);
			sourceTree = "<group>";
		};
		477A7D2B266F510100BEDA4F /* Shared (App) */ = {
			isa = PBXGroup;
			children = (
				477A7D32266F510100BEDA4F /* ViewController.swift */,
				477A7D33266F510200BEDA4F /* Assets.xcassets */,
				477A7D2C266F510100BEDA4F /* Resources */,
			);
			path = "Shared (App)";
			sourceTree = "<group>";
		};
		477A7D2C266F510100BEDA4F /* Resources */ = {
			isa = PBXGroup;
			children = (
				477A7D2D266F510100BEDA4F /* Main.html */,
				477A7D2F266F510100BEDA4F /* Icon.png */,
				477A7D30266F510100BEDA4F /* Style.css */,
				477A7D31266F510100BEDA4F /* Script.js */,
			);
			path = Resources;
			sourceTree = "<group>";
		};
		477A7D34266F510200BEDA4F /* Shared (Extension) */ = {
			isa = PBXGroup;
			children = (
				477A7D87266F510200BEDA4F /* Resources */,
				477A7D35266F510200BEDA4F /* SafariWebExtensionHandler.swift */,
			);
			path = "Shared (Extension)";
			sourceTree = "<group>";
		};
		477A7D3B266F510200BEDA4F /* Products */ = {
			isa = PBXGroup;
			children = (
				477A7D3A266F510200BEDA4F /* View Image.app */,
				477A7D4C266F510200BEDA4F /* View Image.app */,
				477A7D59266F510200BEDA4F /* View Image Extension.appex */,
				477A7D63266F510200BEDA4F /* View Image Extension.appex */,
			);
			name = Products;
			sourceTree = "<group>";
		};
		477A7D3C266F510200BEDA4F /* iOS (App) */ = {
			isa = PBXGroup;
			children = (
				477A7D3D266F510200BEDA4F /* AppDelegate.swift */,
				477A7D3F266F510200BEDA4F /* SceneDelegate.swift */,
				477A7D41266F510200BEDA4F /* LaunchScreen.storyboard */,
				477A7D44266F510200BEDA4F /* Main.storyboard */,
				477A7D47266F510200BEDA4F /* Info.plist */,
			);
			path = "iOS (App)";
			sourceTree = "<group>";
		};
		477A7D4D266F510200BEDA4F /* macOS (App) */ = {
			isa = PBXGroup;
			children = (
				477A7D4E266F510200BEDA4F /* AppDelegate.swift */,
				477A7D50266F510200BEDA4F /* Main.storyboard */,
				477A7D53266F510200BEDA4F /* Info.plist */,
				477A7D54266F510200BEDA4F /* View Image.entitlements */,
			);
			path = "macOS (App)";
			sourceTree = "<group>";
		};
		477A7D5D266F510200BEDA4F /* iOS (Extension) */ = {
			isa = PBXGroup;
			children = (
				477A7D5E266F510200BEDA4F /* Info.plist */,
			);
			path = "iOS (Extension)";
			sourceTree = "<group>";
		};
		477A7D67266F510200BEDA4F /* macOS (Extension) */ = {
			isa = PBXGroup;
			children = (
				477A7D68266F510200BEDA4F /* Info.plist */,
			);
			path = "macOS (Extension)";
			sourceTree = "<group>";
		};
		477A7D87266F510200BEDA4F /* Resources */ = {
			isa = PBXGroup;
			children = (
				477A7D88266F510200BEDA4F /* LICENSE */,
				477A7D89266F510200BEDA4F /* css */,
				477A7D8A266F510200BEDA4F /* js */,
				477A7D8B266F510200BEDA4F /* html */,
				477A7D8C266F510200BEDA4F /* README.MD */,
				477A7D8D266F510200BEDA4F /* img */,
				477A7D8E266F510200BEDA4F /* manifest.json */,
				477A7D8F266F510200BEDA4F /* debug.log */,
				477A7D90266F510200BEDA4F /* _locales */,
				477A7D91266F510200BEDA4F /* icon */,
			);
			name = Resources;
			path = "Shared (Extension)";
			sourceTree = SOURCE_ROOT;
		};
/* End PBXGroup section */

/* Begin PBXNativeTarget section */
		477A7D39266F510200BEDA4F /* View Image (iOS) */ = {
			isa = PBXNativeTarget;
			buildConfigurationList = 477A7D7D266F510200BEDA4F /* Build configuration list for PBXNativeTarget "View Image (iOS)" */;
			buildPhases = (
				477A7D36266F510200BEDA4F /* Sources */,
				477A7D37266F510200BEDA4F /* Frameworks */,
				477A7D38266F510200BEDA4F /* Resources */,
				477A7D7C266F510200BEDA4F /* Embed App Extensions */,
			);
			buildRules = (
			);
			dependencies = (
				477A7D5C266F510200BEDA4F /* PBXTargetDependency */,
			);
			name = "View Image (iOS)";
			productName = "View Image (iOS)";
			productReference = 477A7D3A266F510200BEDA4F /* View Image.app */;
			productType = "com.apple.product-type.application";
		};
		477A7D4B266F510200BEDA4F /* View Image (macOS) */ = {
			isa = PBXNativeTarget;
			buildConfigurationList = 477A7D84266F510200BEDA4F /* Build configuration list for PBXNativeTarget "View Image (macOS)" */;
			buildPhases = (
				477A7D48266F510200BEDA4F /* Sources */,
				477A7D49266F510200BEDA4F /* Frameworks */,
				477A7D4A266F510200BEDA4F /* Resources */,
				477A7D83266F510200BEDA4F /* Embed App Extensions */,
			);
			buildRules = (
			);
			dependencies = (
				477A7D66266F510200BEDA4F /* PBXTargetDependency */,
			);
			name = "View Image (macOS)";
			productName = "View Image (macOS)";
			productReference = 477A7D4C266F510200BEDA4F /* View Image.app */;
			productType = "com.apple.product-type.application";
		};
		477A7D58266F510200BEDA4F /* View Image Extension (iOS) */ = {
			isa = PBXNativeTarget;
			buildConfigurationList = 477A7D79266F510200BEDA4F /* Build configuration list for PBXNativeTarget "View Image Extension (iOS)" */;
			buildPhases = (
				477A7D55266F510200BEDA4F /* Sources */,
				477A7D56266F510200BEDA4F /* Frameworks */,
				477A7D57266F510200BEDA4F /* Resources */,
			);
			buildRules = (
			);
			dependencies = (
			);
			name = "View Image Extension (iOS)";
			productName = "View Image Extension (iOS)";
			productReference = 477A7D59266F510200BEDA4F /* View Image Extension.appex */;
			productType = "com.apple.product-type.app-extension";
		};
		477A7D62266F510200BEDA4F /* View Image Extension (macOS) */ = {
			isa = PBXNativeTarget;
			buildConfigurationList = 477A7D80266F510200BEDA4F /* Build configuration list for PBXNativeTarget "View Image Extension (macOS)" */;
			buildPhases = (
				477A7D5F266F510200BEDA4F /* Sources */,
				477A7D60266F510200BEDA4F /* Frameworks */,
				477A7D61266F510200BEDA4F /* Resources */,
			);
			buildRules = (
			);
			dependencies = (
			);
			name = "View Image Extension (macOS)";
			productName = "View Image Extension (macOS)";
			productReference = 477A7D63266F510200BEDA4F /* View Image Extension.appex */;
			productType = "com.apple.product-type.app-extension";
		};
/* End PBXNativeTarget section */

/* Begin PBXProject section */
		477A7D27266F510100BEDA4F /* Project object */ = {
			isa = PBXProject;
			attributes = {
				BuildIndependentTargetsInParallel = 1;
				LastSwiftUpdateCheck = 1300;
				LastUpgradeCheck = 1300;
				TargetAttributes = {
					477A7D39266F510200BEDA4F = {
						CreatedOnToolsVersion = 13.0;
					};
					477A7D4B266F510200BEDA4F = {
						CreatedOnToolsVersion = 13.0;
					};
					477A7D58266F510200BEDA4F = {
						CreatedOnToolsVersion = 13.0;
					};
					477A7D62266F510200BEDA4F = {
						CreatedOnToolsVersion = 13.0;
					};
				};
			};
			buildConfigurationList = 477A7D2A266F510100BEDA4F /* Build configuration list for PBXProject "View Image" */;
			compatibilityVersion = "Xcode 13.0";
			developmentRegion = en;
			hasScannedForEncodings = 0;
			knownRegions = (
				en,
				Base,
			);
			mainGroup = 477A7D26266F510100BEDA4F;
			productRefGroup = 477A7D3B266F510200BEDA4F /* Products */;
			projectDirPath = "";
			projectRoot = "";
			targets = (
				477A7D39266F510200BEDA4F /* View Image (iOS) */,
				477A7D4B266F510200BEDA4F /* View Image (macOS) */,
				477A7D58266F510200BEDA4F /* View Image Extension (iOS) */,
				477A7D62266F510200BEDA4F /* View Image Extension (macOS) */,
			);
		};
/* End PBXProject section */

/* Begin PBXResourcesBuildPhase section */
		477A7D38266F510200BEDA4F /* Resources */ = {
			isa = PBXResourcesBuildPhase;
			buildActionMask = 2147483647;
			files = (
				477A7D6B266F510200BEDA4F /* Icon.png in Resources */,
				477A7D43266F510200BEDA4F /* LaunchScreen.storyboard in Resources */,
				477A7D69266F510200BEDA4F /* Main.html in Resources */,
				477A7D6F266F510200BEDA4F /* Script.js in Resources */,
				477A7D73266F510200BEDA4F /* Assets.xcassets in Resources */,
				477A7D46266F510200BEDA4F /* Main.storyboard in Resources */,
				477A7D6D266F510200BEDA4F /* Style.css in Resources */,
			);
			runOnlyForDeploymentPostprocessing = 0;
		};
		477A7D4A266F510200BEDA4F /* Resources */ = {
			isa = PBXResourcesBuildPhase;
			buildActionMask = 2147483647;
			files = (
				477A7D6C266F510200BEDA4F /* Icon.png in Resources */,
				477A7D6E266F510200BEDA4F /* Style.css in Resources */,
				477A7D52266F510200BEDA4F /* Main.storyboard in Resources */,
				477A7D70266F510200BEDA4F /* Script.js in Resources */,
				477A7D74266F510200BEDA4F /* Assets.xcassets in Resources */,
				477A7D6A266F510200BEDA4F /* Main.html in Resources */,
			);
			runOnlyForDeploymentPostprocessing = 0;
		};
		477A7D57266F510200BEDA4F /* Resources */ = {
			isa = PBXResourcesBuildPhase;
			buildActionMask = 2147483647;
			files = (
				477A7DA4266F510300BEDA4F /* _locales in Resources */,
				477A7DA5266F510300BEDA4F /* icon in Resources */,
				477A7DA3266F510300BEDA4F /* debug.log in Resources */,
				477A7DA1266F510200BEDA4F /* img in Resources */,
				477A7DA2266F510300BEDA4F /* manifest.json in Resources */,
				477A7D9D266F510200BEDA4F /* css in Resources */,
				477A7D9F266F510200BEDA4F /* html in Resources */,
				477A7D9E266F510200BEDA4F /* js in Resources */,
				477A7D9C266F510200BEDA4F /* LICENSE in Resources */,
				477A7DA0266F510200BEDA4F /* README.MD in Resources */,
			);
			runOnlyForDeploymentPostprocessing = 0;
		};
		477A7D61266F510200BEDA4F /* Resources */ = {
			isa = PBXResourcesBuildPhase;
			buildActionMask = 2147483647;
			files = (
				477A7D9A266F510200BEDA4F /* _locales in Resources */,
				477A7D9B266F510200BEDA4F /* icon in Resources */,
				477A7D99266F510200BEDA4F /* debug.log in Resources */,
				477A7D97266F510200BEDA4F /* img in Resources */,
				477A7D98266F510200BEDA4F /* manifest.json in Resources */,
				477A7D93266F510200BEDA4F /* css in Resources */,
				477A7D95266F510200BEDA4F /* html in Resources */,
				477A7D94266F510200BEDA4F /* js in Resources */,
				477A7D92266F510200BEDA4F /* LICENSE in Resources */,
				477A7D96266F510200BEDA4F /* README.MD in Resources */,
			);
			runOnlyForDeploymentPostprocessing = 0;
		};
/* End PBXResourcesBuildPhase section */

/* Begin PBXSourcesBuildPhase section */
		477A7D36266F510200BEDA4F /* Sources */ = {
			isa = PBXSourcesBuildPhase;
			buildActionMask = 2147483647;
			files = (
				477A7D71266F510200BEDA4F /* ViewController.swift in Sources */,
				477A7D3E266F510200BEDA4F /* AppDelegate.swift in Sources */,
				477A7D40266F510200BEDA4F /* SceneDelegate.swift in Sources */,
			);
			runOnlyForDeploymentPostprocessing = 0;
		};
		477A7D48266F510200BEDA4F /* Sources */ = {
			isa = PBXSourcesBuildPhase;
			buildActionMask = 2147483647;
			files = (
				477A7D72266F510200BEDA4F /* ViewController.swift in Sources */,
				477A7D4F266F510200BEDA4F /* AppDelegate.swift in Sources */,
			);
			runOnlyForDeploymentPostprocessing = 0;
		};
		477A7D55266F510200BEDA4F /* Sources */ = {
			isa = PBXSourcesBuildPhase;
			buildActionMask = 2147483647;
			files = (
				477A7D75266F510200BEDA4F /* SafariWebExtensionHandler.swift in Sources */,
			);
			runOnlyForDeploymentPostprocessing = 0;
		};
		477A7D5F266F510200BEDA4F /* Sources */ = {
			isa = PBXSourcesBuildPhase;
			buildActionMask = 2147483647;
			files = (
				477A7D76266F510200BEDA4F /* SafariWebExtensionHandler.swift in Sources */,
			);
			runOnlyForDeploymentPostprocessing = 0;
		};
/* End PBXSourcesBuildPhase section */

/* Begin PBXTargetDependency section */
		477A7D5C266F510200BEDA4F /* PBXTargetDependency */ = {
			isa = PBXTargetDependency;
			target = 477A7D58266F510200BEDA4F /* View Image Extension (iOS) */;
			targetProxy = 477A7D5B266F510200BEDA4F /* PBXContainerItemProxy */;
		};
		477A7D66266F510200BEDA4F /* PBXTargetDependency */ = {
			isa = PBXTargetDependency;
			target = 477A7D62266F510200BEDA4F /* View Image Extension (macOS) */;
			targetProxy = 477A7D65266F510200BEDA4F /* PBXContainerItemProxy */;
		};
/* End PBXTargetDependency section */

/* Begin PBXVariantGroup section */
		477A7D2D266F510100BEDA4F /* Main.html */ = {
			isa = PBXVariantGroup;
			children = (
				477A7D2E266F510100BEDA4F /* Base */,
			);
			name = Main.html;
			sourceTree = "<group>";
		};
		477A7D41266F510200BEDA4F /* LaunchScreen.storyboard */ = {
			isa = PBXVariantGroup;
			children = (
				477A7D42266F510200BEDA4F /* Base */,
			);
			name = LaunchScreen.storyboard;
			sourceTree = "<group>";
		};
		477A7D44266F510200BEDA4F /* Main.storyboard */ = {
			isa = PBXVariantGroup;
			children = (
				477A7D45266F510200BEDA4F /* Base */,
			);
			name = Main.storyboard;
			sourceTree = "<group>";
		};
		477A7D50266F510200BEDA4F /* Main.storyboard */ = {
			isa = PBXVariantGroup;
			children = (
				477A7D51266F510200BEDA4F /* Base */,
			);
			name = Main.storyboard;
			sourceTree = "<group>";
		};
/* End PBXVariantGroup section */

/* Begin XCBuildConfiguration section */
		477A7D77266F510200BEDA4F /* Debug */ = {
			isa = XCBuildConfiguration;
			buildSettings = {
				ALWAYS_SEARCH_USER_PATHS = NO;
				CLANG_ANALYZER_NONNULL = YES;
				CLANG_ANALYZER_NUMBER_OBJECT_CONVERSION = YES_AGGRESSIVE;
				CLANG_CXX_LANGUAGE_STANDARD = "gnu++14";
				CLANG_CXX_LIBRARY = "libc++";
				CLANG_ENABLE_MODULES = YES;
				CLANG_ENABLE_OBJC_ARC = YES;
				CLANG_ENABLE_OBJC_WEAK = YES;
				CLANG_WARN_BLOCK_CAPTURE_AUTORELEASING = YES;
				CLANG_WARN_BOOL_CONVERSION = YES;
				CLANG_WARN_COMMA = YES;
				CLANG_WARN_CONSTANT_CONVERSION = YES;
				CLANG_WARN_DEPRECATED_OBJC_IMPLEMENTATIONS = YES;
				CLANG_WARN_DIRECT_OBJC_ISA_USAGE = YES_ERROR;
				CLANG_WARN_DOCUMENTATION_COMMENTS = YES;
				CLANG_WARN_EMPTY_BODY = YES;
				CLANG_WARN_ENUM_CONVERSION = YES;
				CLANG_WARN_INFINITE_RECURSION = YES;
				CLANG_WARN_INT_CONVERSION = YES;
				CLANG_WARN_NON_LITERAL_NULL_CONVERSION = YES;
				CLANG_WARN_OBJC_IMPLICIT_RETAIN_SELF = YES;
				CLANG_WARN_OBJC_LITERAL_CONVERSION = YES;
				CLANG_WARN_OBJC_ROOT_CLASS = YES_ERROR;
				CLANG_WARN_QUOTED_INCLUDE_IN_FRAMEWORK_HEADER = YES;
				CLANG_WARN_RANGE_LOOP_ANALYSIS = YES;
				CLANG_WARN_STRICT_PROTOTYPES = YES;
				CLANG_WARN_SUSPICIOUS_MOVE = YES;
				CLANG_WARN_UNGUARDED_AVAILABILITY = YES_AGGRESSIVE;
				CLANG_WARN_UNREACHABLE_CODE = YES;
				CLANG_WARN__DUPLICATE_METHOD_MATCH = YES;
				COPY_PHASE_STRIP = NO;
				DEBUG_INFORMATION_FORMAT = dwarf;
				ENABLE_STRICT_OBJC_MSGSEND = YES;
				ENABLE_TESTABILITY = YES;
				GCC_C_LANGUAGE_STANDARD = gnu11;
				GCC_DYNAMIC_NO_PIC = NO;
				GCC_NO_COMMON_BLOCKS = YES;
				GCC_OPTIMIZATION_LEVEL = 0;
				GCC_PREPROCESSOR_DEFINITIONS = (
					"DEBUG=1",
					"$(inherited)",
				);
				GCC_WARN_64_TO_32_BIT_CONVERSION = YES;
				GCC_WARN_ABOUT_RETURN_TYPE = YES_ERROR;
				GCC_WARN_UNDECLARED_SELECTOR = YES;
				GCC_WARN_UNINITIALIZED_AUTOS = YES_AGGRESSIVE;
				GCC_WARN_UNUSED_FUNCTION = YES;
				GCC_WARN_UNUSED_VARIABLE = YES;
				MTL_ENABLE_DEBUG_INFO = INCLUDE_SOURCE;
				MTL_FAST_MATH = YES;
				ONLY_ACTIVE_ARCH = YES;
				SWIFT_ACTIVE_COMPILATION_CONDITIONS = DEBUG;
				SWIFT_OPTIMIZATION_LEVEL = "-Onone";
			};
			name = Debug;
		};
		477A7D78266F510200BEDA4F /* Release */ = {
			isa = XCBuildConfiguration;
			buildSettings = {
				ALWAYS_SEARCH_USER_PATHS = NO;
				CLANG_ANALYZER_NONNULL = YES;
				CLANG_ANALYZER_NUMBER_OBJECT_CONVERSION = YES_AGGRESSIVE;
				CLANG_CXX_LANGUAGE_STANDARD = "gnu++14";
				CLANG_CXX_LIBRARY = "libc++";
				CLANG_ENABLE_MODULES = YES;
				CLANG_ENABLE_OBJC_ARC = YES;
				CLANG_ENABLE_OBJC_WEAK = YES;
				CLANG_WARN_BLOCK_CAPTURE_AUTORELEASING = YES;
				CLANG_WARN_BOOL_CONVERSION = YES;
				CLANG_WARN_COMMA = YES;
				CLANG_WARN_CONSTANT_CONVERSION = YES;
				CLANG_WARN_DEPRECATED_OBJC_IMPLEMENTATIONS = YES;
				CLANG_WARN_DIRECT_OBJC_ISA_USAGE = YES_ERROR;
				CLANG_WARN_DOCUMENTATION_COMMENTS = YES;
				CLANG_WARN_EMPTY_BODY = YES;
				CLANG_WARN_ENUM_CONVERSION = YES;
				CLANG_WARN_INFINITE_RECURSION = YES;
				CLANG_WARN_INT_CONVERSION = YES;
				CLANG_WARN_NON_LITERAL_NULL_CONVERSION = YES;
				CLANG_WARN_OBJC_IMPLICIT_RETAIN_SELF = YES;
				CLANG_WARN_OBJC_LITERAL_CONVERSION = YES;
				CLANG_WARN_OBJC_ROOT_CLASS = YES_ERROR;
				CLANG_WARN_QUOTED_INCLUDE_IN_FRAMEWORK_HEADER = YES;
				CLANG_WARN_RANGE_LOOP_ANALYSIS = YES;
				CLANG_WARN_STRICT_PROTOTYPES = YES;
				CLANG_WARN_SUSPICIOUS_MOVE = YES;
				CLANG_WARN_UNGUARDED_AVAILABILITY = YES_AGGRESSIVE;
				CLANG_WARN_UNREACHABLE_CODE = YES;
				CLANG_WARN__DUPLICATE_METHOD_MATCH = YES;
				COPY_PHASE_STRIP = NO;
				DEBUG_INFORMATION_FORMAT = "dwarf-with-dsym";
				ENABLE_NS_ASSERTIONS = NO;
				ENABLE_STRICT_OBJC_MSGSEND = YES;
				GCC_C_LANGUAGE_STANDARD = gnu11;
				GCC_NO_COMMON_BLOCKS = YES;
				GCC_WARN_64_TO_32_BIT_CONVERSION = YES;
				GCC_WARN_ABOUT_RETURN_TYPE = YES_ERROR;
				GCC_WARN_UNDECLARED_SELECTOR = YES;
				GCC_WARN_UNINITIALIZED_AUTOS = YES_AGGRESSIVE;
				GCC_WARN_UNUSED_FUNCTION = YES;
				GCC_WARN_UNUSED_VARIABLE = YES;
				MTL_ENABLE_DEBUG_INFO = NO;
				MTL_FAST_MATH = YES;
				SWIFT_COMPILATION_MODE = wholemodule;
				SWIFT_OPTIMIZATION_LEVEL = "-O";
			};
			name = Release;
		};
		477A7D7A266F510200BEDA4F /* Debug */ = {
			isa = XCBuildConfiguration;
			buildSettings = {
				CODE_SIGN_STYLE = Automatic;
				CURRENT_PROJECT_VERSION = 1;
				DEVELOPMENT_TEAM = XJS683D59Y;
				GENERATE_INFOPLIST_FILE = YES;
				INFOPLIST_FILE = "iOS (Extension)/Info.plist";
				INFOPLIST_KEY_CFBundleDisplayName = "View Image Extension";
				INFOPLIST_KEY_NSHumanReadableCopyright = "";
				IPHONEOS_DEPLOYMENT_TARGET = 15.0;
				LD_RUNPATH_SEARCH_PATHS = (
					"$(inherited)",
					"@executable_path/Frameworks",
					"@executable_path/../../Frameworks",
				);
				MARKETING_VERSION = 1.0;
				PRODUCT_BUNDLE_IDENTIFIER = "com.uhucream.View-Image.Extension";
				PRODUCT_NAME = "View Image Extension";
				SDKROOT = iphoneos;
				SKIP_INSTALL = YES;
				SWIFT_EMIT_LOC_STRINGS = YES;
				SWIFT_VERSION = 5.0;
				TARGETED_DEVICE_FAMILY = "1,2";
			};
			name = Debug;
		};
		477A7D7B266F510200BEDA4F /* Release */ = {
			isa = XCBuildConfiguration;
			buildSettings = {
				CODE_SIGN_STYLE = Automatic;
				CURRENT_PROJECT_VERSION = 1;
				DEVELOPMENT_TEAM = XJS683D59Y;
				GENERATE_INFOPLIST_FILE = YES;
				INFOPLIST_FILE = "iOS (Extension)/Info.plist";
				INFOPLIST_KEY_CFBundleDisplayName = "View Image Extension";
				INFOPLIST_KEY_NSHumanReadableCopyright = "";
				IPHONEOS_DEPLOYMENT_TARGET = 15.0;
				LD_RUNPATH_SEARCH_PATHS = (
					"$(inherited)",
					"@executable_path/Frameworks",
					"@executable_path/../../Frameworks",
				);
				MARKETING_VERSION = 1.0;
				PRODUCT_BUNDLE_IDENTIFIER = "com.uhucream.View-Image.Extension";
				PRODUCT_NAME = "View Image Extension";
				SDKROOT = iphoneos;
				SKIP_INSTALL = YES;
				SWIFT_EMIT_LOC_STRINGS = YES;
				SWIFT_VERSION = 5.0;
				TARGETED_DEVICE_FAMILY = "1,2";
				VALIDATE_PRODUCT = YES;
			};
			name = Release;
		};
		477A7D7E266F510200BEDA4F /* Debug */ = {
			isa = XCBuildConfiguration;
			buildSettings = {
				ALWAYS_EMBED_SWIFT_STANDARD_LIBRARIES = YES;
				ASSETCATALOG_COMPILER_APPICON_NAME = AppIcon;
				ASSETCATALOG_COMPILER_GLOBAL_ACCENT_COLOR_NAME = AccentColor;
				CODE_SIGN_STYLE = Automatic;
				CURRENT_PROJECT_VERSION = 1;
				DEVELOPMENT_TEAM = XJS683D59Y;
				GENERATE_INFOPLIST_FILE = YES;
				INFOPLIST_FILE = "iOS (App)/Info.plist";
				INFOPLIST_KEY_CFBundleDisplayName = "View Image";
				INFOPLIST_KEY_UIApplicationSupportsIndirectInputEvents = YES;
				INFOPLIST_KEY_UILaunchStoryboardName = LaunchScreen;
				INFOPLIST_KEY_UIMainStoryboardFile = Main;
				INFOPLIST_KEY_UISupportedInterfaceOrientations = "UIInterfaceOrientationPortrait UIInterfaceOrientationLandscapeLeft UIInterfaceOrientationLandscapeRight";
				INFOPLIST_KEY_UISupportedInterfaceOrientations_iPad = "UIInterfaceOrientationPortrait UIInterfaceOrientationPortraitUpsideDown UIInterfaceOrientationLandscapeLeft UIInterfaceOrientationLandscapeRight";
				IPHONEOS_DEPLOYMENT_TARGET = 15.0;
				LD_RUNPATH_SEARCH_PATHS = (
					"$(inherited)",
					"@executable_path/Frameworks",
				);
				MARKETING_VERSION = 1.0;
				OTHER_LDFLAGS = (
					"-framework",
					WebKit,
				);
				PRODUCT_BUNDLE_IDENTIFIER = "com.uhucream.View-Image";
				PRODUCT_NAME = "View Image";
				SDKROOT = iphoneos;
				SWIFT_EMIT_LOC_STRINGS = YES;
				SWIFT_VERSION = 5.0;
				TARGETED_DEVICE_FAMILY = "1,2";
			};
			name = Debug;
		};
		477A7D7F266F510200BEDA4F /* Release */ = {
			isa = XCBuildConfiguration;
			buildSettings = {
				ALWAYS_EMBED_SWIFT_STANDARD_LIBRARIES = YES;
				ASSETCATALOG_COMPILER_APPICON_NAME = AppIcon;
				ASSETCATALOG_COMPILER_GLOBAL_ACCENT_COLOR_NAME = AccentColor;
				CODE_SIGN_STYLE = Automatic;
				CURRENT_PROJECT_VERSION = 1;
				DEVELOPMENT_TEAM = XJS683D59Y;
				GENERATE_INFOPLIST_FILE = YES;
				INFOPLIST_FILE = "iOS (App)/Info.plist";
				INFOPLIST_KEY_CFBundleDisplayName = "View Image";
				INFOPLIST_KEY_UIApplicationSupportsIndirectInputEvents = YES;
				INFOPLIST_KEY_UILaunchStoryboardName = LaunchScreen;
				INFOPLIST_KEY_UIMainStoryboardFile = Main;
				INFOPLIST_KEY_UISupportedInterfaceOrientations = "UIInterfaceOrientationPortrait UIInterfaceOrientationLandscapeLeft UIInterfaceOrientationLandscapeRight";
				INFOPLIST_KEY_UISupportedInterfaceOrientations_iPad = "UIInterfaceOrientationPortrait UIInterfaceOrientationPortraitUpsideDown UIInterfaceOrientationLandscapeLeft UIInterfaceOrientationLandscapeRight";
				IPHONEOS_DEPLOYMENT_TARGET = 15.0;
				LD_RUNPATH_SEARCH_PATHS = (
					"$(inherited)",
					"@executable_path/Frameworks",
				);
				MARKETING_VERSION = 1.0;
				OTHER_LDFLAGS = (
					"-framework",
					WebKit,
				);
				PRODUCT_BUNDLE_IDENTIFIER = "com.uhucream.View-Image";
				PRODUCT_NAME = "View Image";
				SDKROOT = iphoneos;
				SWIFT_EMIT_LOC_STRINGS = YES;
				SWIFT_VERSION = 5.0;
				TARGETED_DEVICE_FAMILY = "1,2";
				VALIDATE_PRODUCT = YES;
			};
			name = Release;
		};
		477A7D81266F510200BEDA4F /* Debug */ = {
			isa = XCBuildConfiguration;
			buildSettings = {
				CODE_SIGN_STYLE = Automatic;
				CURRENT_PROJECT_VERSION = 1;
				ENABLE_APP_SANDBOX = YES;
				ENABLE_HARDENED_RUNTIME = YES;
				ENABLE_USER_SELECTED_FILES = readonly;
				GENERATE_INFOPLIST_FILE = YES;
				INFOPLIST_FILE = "macOS (Extension)/Info.plist";
				INFOPLIST_KEY_CFBundleDisplayName = "View Image Extension";
				INFOPLIST_KEY_NSHumanReadableCopyright = "";
				LD_RUNPATH_SEARCH_PATHS = (
					"$(inherited)",
					"@executable_path/../Frameworks",
					"@executable_path/../../../../Frameworks",
				);
				MACOSX_DEPLOYMENT_TARGET = 10.14;
				MARKETING_VERSION = 1.0;
				PRODUCT_BUNDLE_IDENTIFIER = "com.uhucream.View-Image.Extension";
				PRODUCT_NAME = "View Image Extension";
				SDKROOT = macosx;
				SKIP_INSTALL = YES;
				SWIFT_EMIT_LOC_STRINGS = YES;
				SWIFT_VERSION = 5.0;
			};
			name = Debug;
		};
		477A7D82266F510200BEDA4F /* Release */ = {
			isa = XCBuildConfiguration;
			buildSettings = {
				CODE_SIGN_STYLE = Automatic;
				CURRENT_PROJECT_VERSION = 1;
				ENABLE_APP_SANDBOX = YES;
				ENABLE_HARDENED_RUNTIME = YES;
				ENABLE_USER_SELECTED_FILES = readonly;
				GENERATE_INFOPLIST_FILE = YES;
				INFOPLIST_FILE = "macOS (Extension)/Info.plist";
				INFOPLIST_KEY_CFBundleDisplayName = "View Image Extension";
				INFOPLIST_KEY_NSHumanReadableCopyright = "";
				LD_RUNPATH_SEARCH_PATHS = (
					"$(inherited)",
					"@executable_path/../Frameworks",
					"@executable_path/../../../../Frameworks",
				);
				MACOSX_DEPLOYMENT_TARGET = 10.14;
				MARKETING_VERSION = 1.0;
				PRODUCT_BUNDLE_IDENTIFIER = "com.uhucream.View-Image.Extension";
				PRODUCT_NAME = "View Image Extension";
				SDKROOT = macosx;
				SKIP_INSTALL = YES;
				SWIFT_EMIT_LOC_STRINGS = YES;
				SWIFT_VERSION = 5.0;
			};
			name = Release;
		};
		477A7D85266F510200BEDA4F /* Debug */ = {
			isa = XCBuildConfiguration;
			buildSettings = {
				ALWAYS_EMBED_SWIFT_STANDARD_LIBRARIES = YES;
				ASSETCATALOG_COMPILER_APPICON_NAME = AppIcon;
				ASSETCATALOG_COMPILER_GLOBAL_ACCENT_COLOR_NAME = AccentColor;
				CODE_SIGN_ENTITLEMENTS = "macOS (App)/View Image.entitlements";
				CODE_SIGN_STYLE = Automatic;
				CURRENT_PROJECT_VERSION = 1;
				ENABLE_APP_SANDBOX = YES;
				ENABLE_HARDENED_RUNTIME = YES;
				ENABLE_USER_SELECTED_FILES = readonly;
				GENERATE_INFOPLIST_FILE = YES;
				INFOPLIST_FILE = "macOS (App)/Info.plist";
				INFOPLIST_KEY_CFBundleDisplayName = "View Image";
				INFOPLIST_KEY_NSMainStoryboardFile = Main;
				INFOPLIST_KEY_NSPrincipalClass = NSApplication;
				LD_RUNPATH_SEARCH_PATHS = (
					"$(inherited)",
					"@executable_path/../Frameworks",
				);
				MACOSX_DEPLOYMENT_TARGET = 10.14;
				MARKETING_VERSION = 1.0;
				OTHER_LDFLAGS = (
					"-framework",
					WebKit,
				);
				PRODUCT_BUNDLE_IDENTIFIER = "com.uhucream.View-Image";
				PRODUCT_NAME = "View Image";
				SDKROOT = macosx;
				SWIFT_EMIT_LOC_STRINGS = YES;
				SWIFT_VERSION = 5.0;
			};
			name = Debug;
		};
		477A7D86266F510200BEDA4F /* Release */ = {
			isa = XCBuildConfiguration;
			buildSettings = {
				ALWAYS_EMBED_SWIFT_STANDARD_LIBRARIES = YES;
				ASSETCATALOG_COMPILER_APPICON_NAME = AppIcon;
				ASSETCATALOG_COMPILER_GLOBAL_ACCENT_COLOR_NAME = AccentColor;
				CODE_SIGN_ENTITLEMENTS = "macOS (App)/View Image.entitlements";
				CODE_SIGN_STYLE = Automatic;
				CURRENT_PROJECT_VERSION = 1;
				ENABLE_APP_SANDBOX = YES;
				ENABLE_HARDENED_RUNTIME = YES;
				ENABLE_USER_SELECTED_FILES = readonly;
				GENERATE_INFOPLIST_FILE = YES;
				INFOPLIST_FILE = "macOS (App)/Info.plist";
				INFOPLIST_KEY_CFBundleDisplayName = "View Image";
				INFOPLIST_KEY_NSMainStoryboardFile = Main;
				INFOPLIST_KEY_NSPrincipalClass = NSApplication;
				LD_RUNPATH_SEARCH_PATHS = (
					"$(inherited)",
					"@executable_path/../Frameworks",
				);
				MACOSX_DEPLOYMENT_TARGET = 10.14;
				MARKETING_VERSION = 1.0;
				OTHER_LDFLAGS = (
					"-framework",
					WebKit,
				);
				PRODUCT_BUNDLE_IDENTIFIER = "com.uhucream.View-Image";
				PRODUCT_NAME = "View Image";
				SDKROOT = macosx;
				SWIFT_EMIT_LOC_STRINGS = YES;
				SWIFT_VERSION = 5.0;
			};
			name = Release;
		};
/* End XCBuildConfiguration section */

/* Begin XCConfigurationList section */
		477A7D2A266F510100BEDA4F /* Build configuration list for PBXProject "View Image" */ = {
			isa = XCConfigurationList;
			buildConfigurations = (
				477A7D77266F510200BEDA4F /* Debug */,
				477A7D78266F510200BEDA4F /* Release */,
			);
			defaultConfigurationIsVisible = 0;
			defaultConfigurationName = Release;
		};
		477A7D79266F510200BEDA4F /* Build configuration list for PBXNativeTarget "View Image Extension (iOS)" */ = {
			isa = XCConfigurationList;
			buildConfigurations = (
				477A7D7A266F510200BEDA4F /* Debug */,
				477A7D7B266F510200BEDA4F /* Release */,
			);
			defaultConfigurationIsVisible = 0;
			defaultConfigurationName = Release;
		};
		477A7D7D266F510200BEDA4F /* Build configuration list for PBXNativeTarget "View Image (iOS)" */ = {
			isa = XCConfigurationList;
			buildConfigurations = (
				477A7D7E266F510200BEDA4F /* Debug */,
				477A7D7F266F510200BEDA4F /* Release */,
			);
			defaultConfigurationIsVisible = 0;
			defaultConfigurationName = Release;
		};
		477A7D80266F510200BEDA4F /* Build configuration list for PBXNativeTarget "View Image Extension (macOS)" */ = {
			isa = XCConfigurationList;
			buildConfigurations = (
				477A7D81266F510200BEDA4F /* Debug */,
				477A7D82266F510200BEDA4F /* Release */,
			);
			defaultConfigurationIsVisible = 0;
			defaultConfigurationName = Release;
		};
		477A7D84266F510200BEDA4F /* Build configuration list for PBXNativeTarget "View Image (macOS)" */ = {
			isa = XCConfigurationList;
			buildConfigurations = (
				477A7D85266F510200BEDA4F /* Debug */,
				477A7D86266F510200BEDA4F /* Release */,
			);
			defaultConfigurationIsVisible = 0;
			defaultConfigurationName = Release;
		};
/* End XCConfigurationList section */
	};
	rootObject = 477A7D27266F510100BEDA4F /* Project object */;
}
